// !$*UTF8*$!
{
	archiveVersion = 1;
	classes = {
	};
	objectVersion = 46;
	objects = {

/* Begin PBXBuildFile section */
		436157E38AC841B99D9DED7A /* libPods.a in Frameworks */ = {isa = PBXBuildFile; fileRef = 1DA82520E8644EAD879C77F3 /* libPods.a */; };
		8D522C10197ED36E004DE753 /* Foundation.framework in Frameworks */ = {isa = PBXBuildFile; fileRef = 8D522C0F197ED36D004DE753 /* Foundation.framework */; };
		8D522C12197ED36E004DE753 /* CoreGraphics.framework in Frameworks */ = {isa = PBXBuildFile; fileRef = 8D522C11197ED36E004DE753 /* CoreGraphics.framework */; };
		8D522C14197ED36E004DE753 /* UIKit.framework in Frameworks */ = {isa = PBXBuildFile; fileRef = 8D522C13197ED36E004DE753 /* UIKit.framework */; };
		8D522C1A197ED36E004DE753 /* InfoPlist.strings in Resources */ = {isa = PBXBuildFile; fileRef = 8D522C18197ED36E004DE753 /* InfoPlist.strings */; };
		8D522C1C197ED36E004DE753 /* main.m in Sources */ = {isa = PBXBuildFile; fileRef = 8D522C1B197ED36E004DE753 /* main.m */; };
		8D522C20197ED36E004DE753 /* CHLAppDelegate.m in Sources */ = {isa = PBXBuildFile; fileRef = 8D522C1F197ED36E004DE753 /* CHLAppDelegate.m */; };
		8D522C22197ED36E004DE753 /* Images.xcassets in Resources */ = {isa = PBXBuildFile; fileRef = 8D522C21197ED36E004DE753 /* Images.xcassets */; };
		8D522C29197ED36F004DE753 /* XCTest.framework in Frameworks */ = {isa = PBXBuildFile; fileRef = 8D522C28197ED36F004DE753 /* XCTest.framework */; };
		8D522C2A197ED36F004DE753 /* Foundation.framework in Frameworks */ = {isa = PBXBuildFile; fileRef = 8D522C0F197ED36D004DE753 /* Foundation.framework */; };
		8D522C2B197ED36F004DE753 /* UIKit.framework in Frameworks */ = {isa = PBXBuildFile; fileRef = 8D522C13197ED36E004DE753 /* UIKit.framework */; };
		8D522C33197ED36F004DE753 /* InfoPlist.strings in Resources */ = {isa = PBXBuildFile; fileRef = 8D522C31197ED36F004DE753 /* InfoPlist.strings */; };
		8D522C35197ED36F004DE753 /* CampHero_LiteTests.m in Sources */ = {isa = PBXBuildFile; fileRef = 8D522C34197ED36F004DE753 /* CampHero_LiteTests.m */; };
		8D522C3F197ED3E9004DE753 /* MapKit.framework in Frameworks */ = {isa = PBXBuildFile; fileRef = 8D522C3E197ED3E9004DE753 /* MapKit.framework */; };
		8D522C41197ED3F2004DE753 /* CoreLocation.framework in Frameworks */ = {isa = PBXBuildFile; fileRef = 8D522C40197ED3F2004DE753 /* CoreLocation.framework */; };
		8D522C44197ED856004DE753 /* CHLUtilities.m in Sources */ = {isa = PBXBuildFile; fileRef = 8D522C43197ED856004DE753 /* CHLUtilities.m */; };
		8D522C4E197ED93C004DE753 /* CHLSearchStore.m in Sources */ = {isa = PBXBuildFile; fileRef = 8D522C4D197ED93C004DE753 /* CHLSearchStore.m */; };
		8D522C52197EDA7A004DE753 /* CHLMapViewController.m in Sources */ = {isa = PBXBuildFile; fileRef = 8D522C50197EDA7A004DE753 /* CHLMapViewController.m */; };
		8D522C53197EDA7A004DE753 /* CHLMapViewController.xib in Resources */ = {isa = PBXBuildFile; fileRef = 8D522C51197EDA7A004DE753 /* CHLMapViewController.xib */; };
		8D522C56197EDCBE004DE753 /* CHLMapMarker.m in Sources */ = {isa = PBXBuildFile; fileRef = 8D522C55197EDCBE004DE753 /* CHLMapMarker.m */; };
		8D522C5A197EDD32004DE753 /* CHLFilterViewControllerTableViewController.m in Sources */ = {isa = PBXBuildFile; fileRef = 8D522C58197EDD32004DE753 /* CHLFilterViewControllerTableViewController.m */; };
		8D522C5B197EDD32004DE753 /* CHLFilterViewControllerTableViewController.xib in Resources */ = {isa = PBXBuildFile; fileRef = 8D522C59197EDD32004DE753 /* CHLFilterViewControllerTableViewController.xib */; };
		8D522C5F197EDDEA004DE753 /* CHLLocationViewController.m in Sources */ = {isa = PBXBuildFile; fileRef = 8D522C5D197EDDEA004DE753 /* CHLLocationViewController.m */; };
		8D522C60197EDDEA004DE753 /* CHLLocationViewController.xib in Resources */ = {isa = PBXBuildFile; fileRef = 8D522C5E197EDDEA004DE753 /* CHLLocationViewController.xib */; };
		8D522C64197EDF28004DE753 /* CHLResultsTableViewController.m in Sources */ = {isa = PBXBuildFile; fileRef = 8D522C62197EDF28004DE753 /* CHLResultsTableViewController.m */; };
		8D522C65197EDF28004DE753 /* CHLResultsTableViewController.xib in Resources */ = {isa = PBXBuildFile; fileRef = 8D522C63197EDF28004DE753 /* CHLResultsTableViewController.xib */; };
		8D522C69197EDFEA004DE753 /* CHLCampsiteViewController.m in Sources */ = {isa = PBXBuildFile; fileRef = 8D522C67197EDFEA004DE753 /* CHLCampsiteViewController.m */; };
		8D522C6A197EDFEA004DE753 /* CHLCampsiteViewController.xib in Resources */ = {isa = PBXBuildFile; fileRef = 8D522C68197EDFEA004DE753 /* CHLCampsiteViewController.xib */; };
		8D522C6E197EE43F004DE753 /* CHLDirectionsViewController.m in Sources */ = {isa = PBXBuildFile; fileRef = 8D522C6C197EE43E004DE753 /* CHLDirectionsViewController.m */; };
		8D522C6F197EE43F004DE753 /* CHLDirectionsViewController.xib in Resources */ = {isa = PBXBuildFile; fileRef = 8D522C6D197EE43F004DE753 /* CHLDirectionsViewController.xib */; };
		8D522C72197EE76C004DE753 /* CHLCampsite.m in Sources */ = {isa = PBXBuildFile; fileRef = 8D522C71197EE76C004DE753 /* CHLCampsite.m */; };
/* End PBXBuildFile section */

/* Begin PBXContainerItemProxy section */
		8D522C2C197ED36F004DE753 /* PBXContainerItemProxy */ = {
			isa = PBXContainerItemProxy;
			containerPortal = 8D522C04197ED36C004DE753 /* Project object */;
			proxyType = 1;
			remoteGlobalIDString = 8D522C0B197ED36D004DE753;
			remoteInfo = "CampHero Lite";
		};
/* End PBXContainerItemProxy section */

/* Begin PBXFileReference section */
		1DA82520E8644EAD879C77F3 /* libPods.a */ = {isa = PBXFileReference; explicitFileType = archive.ar; includeInIndex = 0; path = libPods.a; sourceTree = BUILT_PRODUCTS_DIR; };
		8D522C0C197ED36D004DE753 /* CampHero Lite.app */ = {isa = PBXFileReference; explicitFileType = wrapper.application; includeInIndex = 0; path = "CampHero Lite.app"; sourceTree = BUILT_PRODUCTS_DIR; };
		8D522C0F197ED36D004DE753 /* Foundation.framework */ = {isa = PBXFileReference; lastKnownFileType = wrapper.framework; name = Foundation.framework; path = System/Library/Frameworks/Foundation.framework; sourceTree = SDKROOT; };
		8D522C11197ED36E004DE753 /* CoreGraphics.framework */ = {isa = PBXFileReference; lastKnownFileType = wrapper.framework; name = CoreGraphics.framework; path = System/Library/Frameworks/CoreGraphics.framework; sourceTree = SDKROOT; };
		8D522C13197ED36E004DE753 /* UIKit.framework */ = {isa = PBXFileReference; lastKnownFileType = wrapper.framework; name = UIKit.framework; path = System/Library/Frameworks/UIKit.framework; sourceTree = SDKROOT; };
		8D522C17197ED36E004DE753 /* CampHero Lite-Info.plist */ = {isa = PBXFileReference; lastKnownFileType = text.plist.xml; path = "CampHero Lite-Info.plist"; sourceTree = "<group>"; };
		8D522C19197ED36E004DE753 /* en */ = {isa = PBXFileReference; lastKnownFileType = text.plist.strings; name = en; path = en.lproj/InfoPlist.strings; sourceTree = "<group>"; };
		8D522C1B197ED36E004DE753 /* main.m */ = {isa = PBXFileReference; lastKnownFileType = sourcecode.c.objc; path = main.m; sourceTree = "<group>"; };
		8D522C1D197ED36E004DE753 /* CampHero Lite-Prefix.pch */ = {isa = PBXFileReference; lastKnownFileType = sourcecode.c.h; path = "CampHero Lite-Prefix.pch"; sourceTree = "<group>"; };
		8D522C1E197ED36E004DE753 /* CHLAppDelegate.h */ = {isa = PBXFileReference; lastKnownFileType = sourcecode.c.h; path = CHLAppDelegate.h; sourceTree = "<group>"; };
		8D522C1F197ED36E004DE753 /* CHLAppDelegate.m */ = {isa = PBXFileReference; lastKnownFileType = sourcecode.c.objc; path = CHLAppDelegate.m; sourceTree = "<group>"; };
		8D522C21197ED36E004DE753 /* Images.xcassets */ = {isa = PBXFileReference; lastKnownFileType = folder.assetcatalog; path = Images.xcassets; sourceTree = "<group>"; };
		8D522C27197ED36F004DE753 /* CampHero LiteTests.xctest */ = {isa = PBXFileReference; explicitFileType = wrapper.cfbundle; includeInIndex = 0; path = "CampHero LiteTests.xctest"; sourceTree = BUILT_PRODUCTS_DIR; };
		8D522C28197ED36F004DE753 /* XCTest.framework */ = {isa = PBXFileReference; lastKnownFileType = wrapper.framework; name = XCTest.framework; path = Library/Frameworks/XCTest.framework; sourceTree = DEVELOPER_DIR; };
		8D522C30197ED36F004DE753 /* CampHero LiteTests-Info.plist */ = {isa = PBXFileReference; lastKnownFileType = text.plist.xml; path = "CampHero LiteTests-Info.plist"; sourceTree = "<group>"; };
		8D522C32197ED36F004DE753 /* en */ = {isa = PBXFileReference; lastKnownFileType = text.plist.strings; name = en; path = en.lproj/InfoPlist.strings; sourceTree = "<group>"; };
		8D522C34197ED36F004DE753 /* CampHero_LiteTests.m */ = {isa = PBXFileReference; lastKnownFileType = sourcecode.c.objc; path = CampHero_LiteTests.m; sourceTree = "<group>"; };
		8D522C3E197ED3E9004DE753 /* MapKit.framework */ = {isa = PBXFileReference; lastKnownFileType = wrapper.framework; name = MapKit.framework; path = System/Library/Frameworks/MapKit.framework; sourceTree = SDKROOT; };
		8D522C40197ED3F2004DE753 /* CoreLocation.framework */ = {isa = PBXFileReference; lastKnownFileType = wrapper.framework; name = CoreLocation.framework; path = System/Library/Frameworks/CoreLocation.framework; sourceTree = SDKROOT; };
		8D522C42197ED856004DE753 /* CHLUtilities.h */ = {isa = PBXFileReference; fileEncoding = 4; lastKnownFileType = sourcecode.c.h; path = CHLUtilities.h; sourceTree = "<group>"; };
		8D522C43197ED856004DE753 /* CHLUtilities.m */ = {isa = PBXFileReference; fileEncoding = 4; lastKnownFileType = sourcecode.c.objc; path = CHLUtilities.m; sourceTree = "<group>"; };
		8D522C4C197ED93C004DE753 /* CHLSearchStore.h */ = {isa = PBXFileReference; fileEncoding = 4; lastKnownFileType = sourcecode.c.h; path = CHLSearchStore.h; sourceTree = "<group>"; };
		8D522C4D197ED93C004DE753 /* CHLSearchStore.m */ = {isa = PBXFileReference; fileEncoding = 4; lastKnownFileType = sourcecode.c.objc; path = CHLSearchStore.m; sourceTree = "<group>"; };
		8D522C4F197EDA7A004DE753 /* CHLMapViewController.h */ = {isa = PBXFileReference; fileEncoding = 4; lastKnownFileType = sourcecode.c.h; path = CHLMapViewController.h; sourceTree = "<group>"; };
		8D522C50197EDA7A004DE753 /* CHLMapViewController.m */ = {isa = PBXFileReference; fileEncoding = 4; lastKnownFileType = sourcecode.c.objc; path = CHLMapViewController.m; sourceTree = "<group>"; };
		8D522C51197EDA7A004DE753 /* CHLMapViewController.xib */ = {isa = PBXFileReference; fileEncoding = 4; lastKnownFileType = file.xib; path = CHLMapViewController.xib; sourceTree = "<group>"; };
		8D522C54197EDCBD004DE753 /* CHLMapMarker.h */ = {isa = PBXFileReference; fileEncoding = 4; lastKnownFileType = sourcecode.c.h; path = CHLMapMarker.h; sourceTree = "<group>"; };
		8D522C55197EDCBE004DE753 /* CHLMapMarker.m */ = {isa = PBXFileReference; fileEncoding = 4; lastKnownFileType = sourcecode.c.objc; path = CHLMapMarker.m; sourceTree = "<group>"; };
		8D522C57197EDD32004DE753 /* CHLFilterViewControllerTableViewController.h */ = {isa = PBXFileReference; fileEncoding = 4; lastKnownFileType = sourcecode.c.h; path = CHLFilterViewControllerTableViewController.h; sourceTree = "<group>"; };
		8D522C58197EDD32004DE753 /* CHLFilterViewControllerTableViewController.m */ = {isa = PBXFileReference; fileEncoding = 4; lastKnownFileType = sourcecode.c.objc; path = CHLFilterViewControllerTableViewController.m; sourceTree = "<group>"; };
		8D522C59197EDD32004DE753 /* CHLFilterViewControllerTableViewController.xib */ = {isa = PBXFileReference; fileEncoding = 4; lastKnownFileType = file.xib; path = CHLFilterViewControllerTableViewController.xib; sourceTree = "<group>"; };
		8D522C5C197EDDEA004DE753 /* CHLLocationViewController.h */ = {isa = PBXFileReference; fileEncoding = 4; lastKnownFileType = sourcecode.c.h; path = CHLLocationViewController.h; sourceTree = "<group>"; };
		8D522C5D197EDDEA004DE753 /* CHLLocationViewController.m */ = {isa = PBXFileReference; fileEncoding = 4; lastKnownFileType = sourcecode.c.objc; path = CHLLocationViewController.m; sourceTree = "<group>"; };
		8D522C5E197EDDEA004DE753 /* CHLLocationViewController.xib */ = {isa = PBXFileReference; fileEncoding = 4; lastKnownFileType = file.xib; path = CHLLocationViewController.xib; sourceTree = "<group>"; };
		8D522C61197EDF28004DE753 /* CHLResultsTableViewController.h */ = {isa = PBXFileReference; fileEncoding = 4; lastKnownFileType = sourcecode.c.h; path = CHLResultsTableViewController.h; sourceTree = "<group>"; };
		8D522C62197EDF28004DE753 /* CHLResultsTableViewController.m */ = {isa = PBXFileReference; fileEncoding = 4; lastKnownFileType = sourcecode.c.objc; path = CHLResultsTableViewController.m; sourceTree = "<group>"; };
		8D522C63197EDF28004DE753 /* CHLResultsTableViewController.xib */ = {isa = PBXFileReference; fileEncoding = 4; lastKnownFileType = file.xib; path = CHLResultsTableViewController.xib; sourceTree = "<group>"; };
		8D522C66197EDFEA004DE753 /* CHLCampsiteViewController.h */ = {isa = PBXFileReference; fileEncoding = 4; lastKnownFileType = sourcecode.c.h; path = CHLCampsiteViewController.h; sourceTree = "<group>"; };
		8D522C67197EDFEA004DE753 /* CHLCampsiteViewController.m */ = {isa = PBXFileReference; fileEncoding = 4; lastKnownFileType = sourcecode.c.objc; path = CHLCampsiteViewController.m; sourceTree = "<group>"; };
		8D522C68197EDFEA004DE753 /* CHLCampsiteViewController.xib */ = {isa = PBXFileReference; fileEncoding = 4; lastKnownFileType = file.xib; path = CHLCampsiteViewController.xib; sourceTree = "<group>"; };
		8D522C6B197EE43E004DE753 /* CHLDirectionsViewController.h */ = {isa = PBXFileReference; fileEncoding = 4; lastKnownFileType = sourcecode.c.h; path = CHLDirectionsViewController.h; sourceTree = "<group>"; };
		8D522C6C197EE43E004DE753 /* CHLDirectionsViewController.m */ = {isa = PBXFileReference; fileEncoding = 4; lastKnownFileType = sourcecode.c.objc; path = CHLDirectionsViewController.m; sourceTree = "<group>"; };
		8D522C6D197EE43F004DE753 /* CHLDirectionsViewController.xib */ = {isa = PBXFileReference; fileEncoding = 4; lastKnownFileType = file.xib; path = CHLDirectionsViewController.xib; sourceTree = "<group>"; };
		8D522C70197EE76C004DE753 /* CHLCampsite.h */ = {isa = PBXFileReference; fileEncoding = 4; lastKnownFileType = sourcecode.c.h; path = CHLCampsite.h; sourceTree = "<group>"; };
		8D522C71197EE76C004DE753 /* CHLCampsite.m */ = {isa = PBXFileReference; fileEncoding = 4; lastKnownFileType = sourcecode.c.objc; path = CHLCampsite.m; sourceTree = "<group>"; };
		A423295B8ACE430D9107D93E /* Pods.xcconfig */ = {isa = PBXFileReference; includeInIndex = 1; lastKnownFileType = text.xcconfig; name = Pods.xcconfig; path = Pods/Pods.xcconfig; sourceTree = "<group>"; };
/* End PBXFileReference section */

/* Begin PBXFrameworksBuildPhase section */
		8D522C09197ED36D004DE753 /* Frameworks */ = {
			isa = PBXFrameworksBuildPhase;
			buildActionMask = 2147483647;
			files = (
				8D522C41197ED3F2004DE753 /* CoreLocation.framework in Frameworks */,
				8D522C3F197ED3E9004DE753 /* MapKit.framework in Frameworks */,
				8D522C12197ED36E004DE753 /* CoreGraphics.framework in Frameworks */,
				8D522C14197ED36E004DE753 /* UIKit.framework in Frameworks */,
				8D522C10197ED36E004DE753 /* Foundation.framework in Frameworks */,
				436157E38AC841B99D9DED7A /* libPods.a in Frameworks */,
			);
			runOnlyForDeploymentPostprocessing = 0;
		};
		8D522C24197ED36F004DE753 /* Frameworks */ = {
			isa = PBXFrameworksBuildPhase;
			buildActionMask = 2147483647;
			files = (
				8D522C29197ED36F004DE753 /* XCTest.framework in Frameworks */,
				8D522C2B197ED36F004DE753 /* UIKit.framework in Frameworks */,
				8D522C2A197ED36F004DE753 /* Foundation.framework in Frameworks */,
			);
			runOnlyForDeploymentPostprocessing = 0;
		};
/* End PBXFrameworksBuildPhase section */

/* Begin PBXGroup section */
		8D522C03197ED36B004DE753 = {
			isa = PBXGroup;
			children = (
				8D522C15197ED36E004DE753 /* CampHero Lite */,
				8D522C2E197ED36F004DE753 /* CampHero LiteTests */,
				8D522C0E197ED36D004DE753 /* Frameworks */,
				8D522C0D197ED36D004DE753 /* Products */,
				A423295B8ACE430D9107D93E /* Pods.xcconfig */,
			);
			sourceTree = "<group>";
		};
		8D522C0D197ED36D004DE753 /* Products */ = {
			isa = PBXGroup;
			children = (
				8D522C0C197ED36D004DE753 /* CampHero Lite.app */,
				8D522C27197ED36F004DE753 /* CampHero LiteTests.xctest */,
			);
			name = Products;
			sourceTree = "<group>";
		};
		8D522C0E197ED36D004DE753 /* Frameworks */ = {
			isa = PBXGroup;
			children = (
				8D522C40197ED3F2004DE753 /* CoreLocation.framework */,
				8D522C3E197ED3E9004DE753 /* MapKit.framework */,
				8D522C0F197ED36D004DE753 /* Foundation.framework */,
				8D522C11197ED36E004DE753 /* CoreGraphics.framework */,
				8D522C13197ED36E004DE753 /* UIKit.framework */,
				8D522C28197ED36F004DE753 /* XCTest.framework */,
				1DA82520E8644EAD879C77F3 /* libPods.a */,
			);
			name = Frameworks;
			sourceTree = "<group>";
		};
		8D522C15197ED36E004DE753 /* CampHero Lite */ = {
			isa = PBXGroup;
			children = (
				8D522C1E197ED36E004DE753 /* CHLAppDelegate.h */,
				8D522C1F197ED36E004DE753 /* CHLAppDelegate.m */,
				8D522C42197ED856004DE753 /* CHLUtilities.h */,
				8D522C43197ED856004DE753 /* CHLUtilities.m */,
				8D522C4B197ED90D004DE753 /* Data */,
				8D522C49197ED8F1004DE753 /* DetailScreen */,
				8D522C47197ED8DA004DE753 /* ResultScreen */,
				8D522C46197ED8CE004DE753 /* MapScreen */,
				8D522C45197ED8C1004DE753 /* FilterScreen */,
				8D522C21197ED36E004DE753 /* Images.xcassets */,
				8D522C16197ED36E004DE753 /* Supporting Files */,
			);
			path = "CampHero Lite";
			sourceTree = "<group>";
		};
		8D522C16197ED36E004DE753 /* Supporting Files */ = {
			isa = PBXGroup;
			children = (
				8D522C17197ED36E004DE753 /* CampHero Lite-Info.plist */,
				8D522C18197ED36E004DE753 /* InfoPlist.strings */,
				8D522C1B197ED36E004DE753 /* main.m */,
				8D522C1D197ED36E004DE753 /* CampHero Lite-Prefix.pch */,
			);
			name = "Supporting Files";
			sourceTree = "<group>";
		};
		8D522C2E197ED36F004DE753 /* CampHero LiteTests */ = {
			isa = PBXGroup;
			children = (
				8D522C34197ED36F004DE753 /* CampHero_LiteTests.m */,
				8D522C2F197ED36F004DE753 /* Supporting Files */,
			);
			path = "CampHero LiteTests";
			sourceTree = "<group>";
		};
		8D522C2F197ED36F004DE753 /* Supporting Files */ = {
			isa = PBXGroup;
			children = (
				8D522C30197ED36F004DE753 /* CampHero LiteTests-Info.plist */,
				8D522C31197ED36F004DE753 /* InfoPlist.strings */,
			);
			name = "Supporting Files";
			sourceTree = "<group>";
		};
		8D522C45197ED8C1004DE753 /* FilterScreen */ = {
			isa = PBXGroup;
			children = (
				8D522C57197EDD32004DE753 /* CHLFilterViewControllerTableViewController.h */,
				8D522C58197EDD32004DE753 /* CHLFilterViewControllerTableViewController.m */,
				8D522C59197EDD32004DE753 /* CHLFilterViewControllerTableViewController.xib */,
				8D522C5C197EDDEA004DE753 /* CHLLocationViewController.h */,
				8D522C5D197EDDEA004DE753 /* CHLLocationViewController.m */,
				8D522C5E197EDDEA004DE753 /* CHLLocationViewController.xib */,
			);
			name = FilterScreen;
			sourceTree = "<group>";
		};
		8D522C46197ED8CE004DE753 /* MapScreen */ = {
			isa = PBXGroup;
			children = (
				8D522C4F197EDA7A004DE753 /* CHLMapViewController.h */,
				8D522C50197EDA7A004DE753 /* CHLMapViewController.m */,
				8D522C51197EDA7A004DE753 /* CHLMapViewController.xib */,
				8D522C54197EDCBD004DE753 /* CHLMapMarker.h */,
				8D522C55197EDCBE004DE753 /* CHLMapMarker.m */,
			);
			name = MapScreen;
			sourceTree = "<group>";
		};
		8D522C47197ED8DA004DE753 /* ResultScreen */ = {
			isa = PBXGroup;
			children = (
				8D522C61197EDF28004DE753 /* CHLResultsTableViewController.h */,
				8D522C62197EDF28004DE753 /* CHLResultsTableViewController.m */,
				8D522C63197EDF28004DE753 /* CHLResultsTableViewController.xib */,
			);
			name = ResultScreen;
			sourceTree = "<group>";
		};
		8D522C49197ED8F1004DE753 /* DetailScreen */ = {
			isa = PBXGroup;
			children = (
				8D522C66197EDFEA004DE753 /* CHLCampsiteViewController.h */,
				8D522C67197EDFEA004DE753 /* CHLCampsiteViewController.m */,
				8D522C68197EDFEA004DE753 /* CHLCampsiteViewController.xib */,
				8D522C6B197EE43E004DE753 /* CHLDirectionsViewController.h */,
				8D522C6C197EE43E004DE753 /* CHLDirectionsViewController.m */,
				8D522C6D197EE43F004DE753 /* CHLDirectionsViewController.xib */,
			);
			name = DetailScreen;
			sourceTree = "<group>";
		};
		8D522C4B197ED90D004DE753 /* Data */ = {
			isa = PBXGroup;
			children = (
				8D522C4C197ED93C004DE753 /* CHLSearchStore.h */,
				8D522C4D197ED93C004DE753 /* CHLSearchStore.m */,
				8D522C70197EE76C004DE753 /* CHLCampsite.h */,
				8D522C71197EE76C004DE753 /* CHLCampsite.m */,
			);
			name = Data;
			sourceTree = "<group>";
		};
/* End PBXGroup section */

/* Begin PBXNativeTarget section */
		8D522C0B197ED36D004DE753 /* CampHero Lite */ = {
			isa = PBXNativeTarget;
			buildConfigurationList = 8D522C38197ED36F004DE753 /* Build configuration list for PBXNativeTarget "CampHero Lite" */;
			buildPhases = (
				3133A5B33B4344A18CF541F4 /* Check Pods Manifest.lock */,
				8D522C08197ED36D004DE753 /* Sources */,
				8D522C09197ED36D004DE753 /* Frameworks */,
				8D522C0A197ED36D004DE753 /* Resources */,
				030472DA8C154DDFB687E66B /* Copy Pods Resources */,
			);
			buildRules = (
			);
			dependencies = (
			);
			name = "CampHero Lite";
			productName = "CampHero Lite";
			productReference = 8D522C0C197ED36D004DE753 /* CampHero Lite.app */;
			productType = "com.apple.product-type.application";
		};
		8D522C26197ED36F004DE753 /* CampHero LiteTests */ = {
			isa = PBXNativeTarget;
			buildConfigurationList = 8D522C3B197ED36F004DE753 /* Build configuration list for PBXNativeTarget "CampHero LiteTests" */;
			buildPhases = (
				8D522C23197ED36F004DE753 /* Sources */,
				8D522C24197ED36F004DE753 /* Frameworks */,
				8D522C25197ED36F004DE753 /* Resources */,
			);
			buildRules = (
			);
			dependencies = (
				8D522C2D197ED36F004DE753 /* PBXTargetDependency */,
			);
			name = "CampHero LiteTests";
			productName = "CampHero LiteTests";
			productReference = 8D522C27197ED36F004DE753 /* CampHero LiteTests.xctest */;
			productType = "com.apple.product-type.bundle.unit-test";
		};
/* End PBXNativeTarget section */

/* Begin PBXProject section */
		8D522C04197ED36C004DE753 /* Project object */ = {
			isa = PBXProject;
			attributes = {
				CLASSPREFIX = CHL;
				LastUpgradeCheck = 0510;
				ORGANIZATIONNAME = "Restless LLC";
				TargetAttributes = {
					8D522C0B197ED36D004DE753 = {
						DevelopmentTeam = J8U5T7B77F;
					};
					8D522C26197ED36F004DE753 = {
						TestTargetID = 8D522C0B197ED36D004DE753;
					};
				};
			};
			buildConfigurationList = 8D522C07197ED36C004DE753 /* Build configuration list for PBXProject "CampHero Lite" */;
			compatibilityVersion = "Xcode 3.2";
			developmentRegion = English;
			hasScannedForEncodings = 0;
			knownRegions = (
				en,
			);
			mainGroup = 8D522C03197ED36B004DE753;
			productRefGroup = 8D522C0D197ED36D004DE753 /* Products */;
			projectDirPath = "";
			projectRoot = "";
			targets = (
				8D522C0B197ED36D004DE753 /* CampHero Lite */,
				8D522C26197ED36F004DE753 /* CampHero LiteTests */,
			);
		};
/* End PBXProject section */

/* Begin PBXResourcesBuildPhase section */
		8D522C0A197ED36D004DE753 /* Resources */ = {
			isa = PBXResourcesBuildPhase;
			buildActionMask = 2147483647;
			files = (
				8D522C1A197ED36E004DE753 /* InfoPlist.strings in Resources */,
				8D522C53197EDA7A004DE753 /* CHLMapViewController.xib in Resources */,
				8D522C6F197EE43F004DE753 /* CHLDirectionsViewController.xib in Resources */,
				8D522C65197EDF28004DE753 /* CHLResultsTableViewController.xib in Resources */,
				8D522C5B197EDD32004DE753 /* CHLFilterViewControllerTableViewController.xib in Resources */,
				8D522C6A197EDFEA004DE753 /* CHLCampsiteViewController.xib in Resources */,
				8D522C22197ED36E004DE753 /* Images.xcassets in Resources */,
				8D522C60197EDDEA004DE753 /* CHLLocationViewController.xib in Resources */,
			);
			runOnlyForDeploymentPostprocessing = 0;
		};
		8D522C25197ED36F004DE753 /* Resources */ = {
			isa = PBXResourcesBuildPhase;
			buildActionMask = 2147483647;
			files = (
				8D522C33197ED36F004DE753 /* InfoPlist.strings in Resources */,
			);
			runOnlyForDeploymentPostprocessing = 0;
		};
/* End PBXResourcesBuildPhase section */

/* Begin PBXShellScriptBuildPhase section */
		030472DA8C154DDFB687E66B /* Copy Pods Resources */ = {
			isa = PBXShellScriptBuildPhase;
			buildActionMask = 2147483647;
			files = (
			);
			inputPaths = (
			);
			name = "Copy Pods Resources";
			outputPaths = (
			);
			runOnlyForDeploymentPostprocessing = 0;
			shellPath = /bin/sh;
			shellScript = "\"${SRCROOT}/Pods/Pods-resources.sh\"\n";
			showEnvVarsInLog = 0;
		};
		3133A5B33B4344A18CF541F4 /* Check Pods Manifest.lock */ = {
			isa = PBXShellScriptBuildPhase;
			buildActionMask = 2147483647;
			files = (
			);
			inputPaths = (
			);
			name = "Check Pods Manifest.lock";
			outputPaths = (
			);
			runOnlyForDeploymentPostprocessing = 0;
			shellPath = /bin/sh;
			shellScript = "diff \"${PODS_ROOT}/../Podfile.lock\" \"${PODS_ROOT}/Manifest.lock\" > /dev/null\nif [[ $? != 0 ]] ; then\n    cat << EOM\nerror: The sandbox is not in sync with the Podfile.lock. Run 'pod install' or update your CocoaPods installation.\nEOM\n    exit 1\nfi\n";
			showEnvVarsInLog = 0;
		};
/* End PBXShellScriptBuildPhase section */

/* Begin PBXSourcesBuildPhase section */
		8D522C08197ED36D004DE753 /* Sources */ = {
			isa = PBXSourcesBuildPhase;
			buildActionMask = 2147483647;
			files = (
				8D522C56197EDCBE004DE753 /* CHLMapMarker.m in Sources */,
				8D522C72197EE76C004DE753 /* CHLCampsite.m in Sources */,
				8D522C6E197EE43F004DE753 /* CHLDirectionsViewController.m in Sources */,
				8D522C64197EDF28004DE753 /* CHLResultsTableViewController.m in Sources */,
				8D522C69197EDFEA004DE753 /* CHLCampsiteViewController.m in Sources */,
				8D522C20197ED36E004DE753 /* CHLAppDelegate.m in Sources */,
				8D522C5A197EDD32004DE753 /* CHLFilterViewControllerTableViewController.m in Sources */,
				8D522C52197EDA7A004DE753 /* CHLMapViewController.m in Sources */,
				8D522C4E197ED93C004DE753 /* CHLSearchStore.m in Sources */,
				8D522C5F197EDDEA004DE753 /* CHLLocationViewController.m in Sources */,
				8D522C1C197ED36E004DE753 /* main.m in Sources */,
				8D522C44197ED856004DE753 /* CHLUtilities.m in Sources */,
			);
			runOnlyForDeploymentPostprocessing = 0;
		};
		8D522C23197ED36F004DE753 /* Sources */ = {
			isa = PBXSourcesBuildPhase;
			buildActionMask = 2147483647;
			files = (
				8D522C35197ED36F004DE753 /* CampHero_LiteTests.m in Sources */,
			);
			runOnlyForDeploymentPostprocessing = 0;
		};
/* End PBXSourcesBuildPhase section */

/* Begin PBXTargetDependency section */
		8D522C2D197ED36F004DE753 /* PBXTargetDependency */ = {
			isa = PBXTargetDependency;
			target = 8D522C0B197ED36D004DE753 /* CampHero Lite */;
			targetProxy = 8D522C2C197ED36F004DE753 /* PBXContainerItemProxy */;
		};
/* End PBXTargetDependency section */

/* Begin PBXVariantGroup section */
		8D522C18197ED36E004DE753 /* InfoPlist.strings */ = {
			isa = PBXVariantGroup;
			children = (
				8D522C19197ED36E004DE753 /* en */,
			);
			name = InfoPlist.strings;
			sourceTree = "<group>";
		};
		8D522C31197ED36F004DE753 /* InfoPlist.strings */ = {
			isa = PBXVariantGroup;
			children = (
				8D522C32197ED36F004DE753 /* en */,
			);
			name = InfoPlist.strings;
			sourceTree = "<group>";
		};
/* End PBXVariantGroup section */

/* Begin XCBuildConfiguration section */
		8D522C36197ED36F004DE753 /* Debug */ = {
			isa = XCBuildConfiguration;
			buildSettings = {
				ALWAYS_SEARCH_USER_PATHS = NO;
				CLANG_CXX_LANGUAGE_STANDARD = "gnu++0x";
				CLANG_CXX_LIBRARY = "libc++";
				CLANG_ENABLE_MODULES = YES;
				CLANG_ENABLE_OBJC_ARC = YES;
				CLANG_WARN_BOOL_CONVERSION = YES;
				CLANG_WARN_CONSTANT_CONVERSION = YES;
				CLANG_WARN_DIRECT_OBJC_ISA_USAGE = YES_ERROR;
				CLANG_WARN_EMPTY_BODY = YES;
				CLANG_WARN_ENUM_CONVERSION = YES;
				CLANG_WARN_INT_CONVERSION = YES;
				CLANG_WARN_OBJC_ROOT_CLASS = YES_ERROR;
				CLANG_WARN__DUPLICATE_METHOD_MATCH = YES;
				"CODE_SIGN_IDENTITY[sdk=iphoneos*]" = "iPhone Developer";
				COPY_PHASE_STRIP = NO;
				GCC_C_LANGUAGE_STANDARD = gnu99;
				GCC_DYNAMIC_NO_PIC = NO;
				GCC_OPTIMIZATION_LEVEL = 0;
				GCC_PREPROCESSOR_DEFINITIONS = (
					"DEBUG=1",
					"$(inherited)",
				);
				GCC_SYMBOLS_PRIVATE_EXTERN = NO;
				GCC_WARN_64_TO_32_BIT_CONVERSION = YES;
				GCC_WARN_ABOUT_RETURN_TYPE = YES_ERROR;
				GCC_WARN_UNDECLARED_SELECTOR = YES;
				GCC_WARN_UNINITIALIZED_AUTOS = YES_AGGRESSIVE;
				GCC_WARN_UNUSED_FUNCTION = YES;
				GCC_WARN_UNUSED_VARIABLE = YES;
				IPHONEOS_DEPLOYMENT_TARGET = 7.1;
				ONLY_ACTIVE_ARCH = YES;
				SDKROOT = iphoneos;
			};
			name = Debug;
		};
		8D522C37197ED36F004DE753 /* Release */ = {
			isa = XCBuildConfiguration;
			buildSettings = {
				ALWAYS_SEARCH_USER_PATHS = NO;
				CLANG_CXX_LANGUAGE_STANDARD = "gnu++0x";
				CLANG_CXX_LIBRARY = "libc++";
				CLANG_ENABLE_MODULES = YES;
				CLANG_ENABLE_OBJC_ARC = YES;
				CLANG_WARN_BOOL_CONVERSION = YES;
				CLANG_WARN_CONSTANT_CONVERSION = YES;
				CLANG_WARN_DIRECT_OBJC_ISA_USAGE = YES_ERROR;
				CLANG_WARN_EMPTY_BODY = YES;
				CLANG_WARN_ENUM_CONVERSION = YES;
				CLANG_WARN_INT_CONVERSION = YES;
				CLANG_WARN_OBJC_ROOT_CLASS = YES_ERROR;
				CLANG_WARN__DUPLICATE_METHOD_MATCH = YES;
				"CODE_SIGN_IDENTITY[sdk=iphoneos*]" = "iPhone Developer";
				COPY_PHASE_STRIP = YES;
				ENABLE_NS_ASSERTIONS = NO;
				GCC_C_LANGUAGE_STANDARD = gnu99;
				GCC_WARN_64_TO_32_BIT_CONVERSION = YES;
				GCC_WARN_ABOUT_RETURN_TYPE = YES_ERROR;
				GCC_WARN_UNDECLARED_SELECTOR = YES;
				GCC_WARN_UNINITIALIZED_AUTOS = YES_AGGRESSIVE;
				GCC_WARN_UNUSED_FUNCTION = YES;
				GCC_WARN_UNUSED_VARIABLE = YES;
				IPHONEOS_DEPLOYMENT_TARGET = 7.1;
				SDKROOT = iphoneos;
				VALIDATE_PRODUCT = YES;
			};
			name = Release;
		};
		8D522C39197ED36F004DE753 /* Debug */ = {
			isa = XCBuildConfiguration;
			baseConfigurationReference = A423295B8ACE430D9107D93E /* Pods.xcconfig */;
			buildSettings = {
				ASSETCATALOG_COMPILER_APPICON_NAME = AppIcon;
				ASSETCATALOG_COMPILER_LAUNCHIMAGE_NAME = LaunchImage;
				CODE_SIGN_IDENTITY = "iPhone Developer";
				GCC_PRECOMPILE_PREFIX_HEADER = YES;
				GCC_PREFIX_HEADER = "CampHero Lite/CampHero Lite-Prefix.pch";
				INFOPLIST_FILE = "CampHero Lite/CampHero Lite-Info.plist";
				IPHONEOS_DEPLOYMENT_TARGET = 7.0;
				PRODUCT_NAME = "$(TARGET_NAME)";
				WRAPPER_EXTENSION = app;
			};
			name = Debug;
		};
		8D522C3A197ED36F004DE753 /* Release */ = {
			isa = XCBuildConfiguration;
			baseConfigurationReference = A423295B8ACE430D9107D93E /* Pods.xcconfig */;
			buildSettings = {
				ASSETCATALOG_COMPILER_APPICON_NAME = AppIcon;
				ASSETCATALOG_COMPILER_LAUNCHIMAGE_NAME = LaunchImage;
				CODE_SIGN_IDENTITY = "iPhone Developer";
				GCC_PRECOMPILE_PREFIX_HEADER = YES;
				GCC_PREFIX_HEADER = "CampHero Lite/CampHero Lite-Prefix.pch";
				INFOPLIST_FILE = "CampHero Lite/CampHero Lite-Info.plist";
				IPHONEOS_DEPLOYMENT_TARGET = 7.0;
				PRODUCT_NAME = "$(TARGET_NAME)";
				WRAPPER_EXTENSION = app;
			};
			name = Release;
		};
		8D522C3C197ED36F004DE753 /* Debug */ = {
			isa = XCBuildConfiguration;
			buildSettings = {
				BUNDLE_LOADER = "$(BUILT_PRODUCTS_DIR)/CampHero Lite.app/CampHero Lite";
				FRAMEWORK_SEARCH_PATHS = (
					"$(SDKROOT)/Developer/Library/Frameworks",
					"$(inherited)",
					"$(DEVELOPER_FRAMEWORKS_DIR)",
				);
				GCC_PRECOMPILE_PREFIX_HEADER = YES;
				GCC_PREFIX_HEADER = "CampHero Lite/CampHero Lite-Prefix.pch";
				GCC_PREPROCESSOR_DEFINITIONS = (
					"DEBUG=1",
					"$(inherited)",
				);
				INFOPLIST_FILE = "CampHero LiteTests/CampHero LiteTests-Info.plist";
				PRODUCT_NAME = "$(TARGET_NAME)";
				TEST_HOST = "$(BUNDLE_LOADER)";
				WRAPPER_EXTENSION = xctest;
			};
			name = Debug;
		};
		8D522C3D197ED36F004DE753 /* Release */ = {
			isa = XCBuildConfiguration;
			buildSettings = {
				BUNDLE_LOADER = "$(BUILT_PRODUCTS_DIR)/CampHero Lite.app/CampHero Lite";
				FRAMEWORK_SEARCH_PATHS = (
					"$(SDKROOT)/Developer/Library/Frameworks",
					"$(inherited)",
					"$(DEVELOPER_FRAMEWORKS_DIR)",
				);
				GCC_PRECOMPILE_PREFIX_HEADER = YES;
				GCC_PREFIX_HEADER = "CampHero Lite/CampHero Lite-Prefix.pch";
				INFOPLIST_FILE = "CampHero LiteTests/CampHero LiteTests-Info.plist";
				PRODUCT_NAME = "$(TARGET_NAME)";
				TEST_HOST = "$(BUNDLE_LOADER)";
				WRAPPER_EXTENSION = xctest;
			};
			name = Release;
		};
/* End XCBuildConfiguration section */

/* Begin XCConfigurationList section */
		8D522C07197ED36C004DE753 /* Build configuration list for PBXProject "CampHero Lite" */ = {
			isa = XCConfigurationList;
			buildConfigurations = (
				8D522C36197ED36F004DE753 /* Debug */,
				8D522C37197ED36F004DE753 /* Release */,
			);
			defaultConfigurationIsVisible = 0;
			defaultConfigurationName = Release;
		};
		8D522C38197ED36F004DE753 /* Build configuration list for PBXNativeTarget "CampHero Lite" */ = {
			isa = XCConfigurationList;
			buildConfigurations = (
				8D522C39197ED36F004DE753 /* Debug */,
				8D522C3A197ED36F004DE753 /* Release */,
			);
			defaultConfigurationIsVisible = 0;
			defaultConfigurationName = Release;
		};
		8D522C3B197ED36F004DE753 /* Build configuration list for PBXNativeTarget "CampHero LiteTests" */ = {
			isa = XCConfigurationList;
			buildConfigurations = (
				8D522C3C197ED36F004DE753 /* Debug */,
				8D522C3D197ED36F004DE753 /* Release */,
			);
			defaultConfigurationIsVisible = 0;
			defaultConfigurationName = Release;
		};
/* End XCConfigurationList section */
	};
	rootObject = 8D522C04197ED36C004DE753 /* Project object */;
}
